{
  "requires": true,
  "lockfileVersion": 1,
  "dependencies": {
    "animejs": {
      "version": "3.2.1",
      "resolved": "https://registry.npmjs.org/animejs/-/animejs-3.2.1.tgz",
      "integrity": "sha512-sWno3ugFryK5nhiDm/2BKeFCpZv7vzerWUcUPyAZLDhMek3+S/p418ldZJbJXo5ZUOpfm2kP2XRO4NJcULMy9A=="
    },
    "tree-visualizer": {
      "version": "1.0.1",
      "resolved": "https://registry.npmjs.org/tree-visualizer/-/tree-visualizer-1.0.1.tgz",
      "integrity": "sha512-Dmvfhqy9UuIqrwhi3G1+AGJtwFpY1R6aGV0snpPRAEiaaLl5+Ui8+4AZaxDABCfg3knMvkO6VkX6L/Ao8q7SEg==",
      "requires": {
        "animejs": "^3.2.1"
      }
    }
  }
}
